{
  "nodes": {
    "flakelight": {
      "inputs": {
        "nixpkgs": [
          "nixpkgs"
        ]
      },
      "locked": {
        "lastModified": 1763988758,
        "narHash": "sha256-D4neGh65xAKHHjDcTYD9qrXM3ggcJ68Axw9IKF+O+64=",
        "owner": "nix-community",
        "repo": "flakelight",
        "rev": "b115f5b9ed57e385753e06dc654d9d39c12d0f0b",
        "type": "github"
      },
      "original": {
        "owner": "nix-community",
        "repo": "flakelight",
        "type": "github"
      }
    },
    "nixpkgs": {
      "locked": {
        "lastModified": 1763966396,
        "narHash": "sha256-6eeL1YPcY1MV3DDStIDIdy/zZCDKgHdkCmsrLJFiZf0=",
        "rev": "5ae3b07d8d6527c42f17c876e404993199144b6a",
        "revCount": 901419,
        "type": "tarball",
        "url": "https://api.flakehub.com/f/pinned/NixOS/nixpkgs/0.1.901419%2Brev-5ae3b07d8d6527c42f17c876e404993199144b6a/019abb3c-8b65-7e43-ade7-cba097e333a6/source.tar.gz"
      },
      "original": {
        "type": "tarball",
        "url": "https://flakehub.com/f/NixOS/nixpkgs/0.1"
      }
    },
    "root": {
      "inputs": {
        "flakelight": "flakelight",
        "nixpkgs": "nixpkgs"
      }
    }
  },
  "root": "root",
  "version": 7
}
